schema: '2.0'
stages:
  prepare:
    cmd: python src/prepare.py "data/Student_performance_data _.csv"
    deps:
    - path: data/Student_performance_data _.csv
      hash: md5
      md5: 47cf64b2a849cd01c0c5cbba8e94c863
      size: 166972
    - path: src/prepare.py
      hash: md5
      md5: d7a29202647b83a3ade7f6a684e00ce9
      size: 1223
    params:
      params.yaml:
        prepare.seed: 420
        prepare.split: 0.2
    outs:
    - path: data/prepared
      hash: md5
      md5: dfcaf1fd29c4eaf30d365f69d4d242a0.dir
      size: 347867
      nfiles: 4
  train:
    cmd: python src/train.py data
    deps:
    - path: data/prepared
      hash: md5
      md5: dfcaf1fd29c4eaf30d365f69d4d242a0.dir
      size: 347867
      nfiles: 4
    - path: src/train.py
      hash: md5
      md5: c02424733b249cf1e8f0ceb2dc6bd67d
      size: 1458
    params:
      params.yaml:
        train.clf: 1
        train.params.algorithm: SAMME
        train.params.alpha: 1
        train.params.max_iter: 1000
        train.params.random_state: 420
        train.seed: 420
    outs:
    - path: data/models/model.pkl
      hash: md5
      md5: a35e635bebe1f3df7317e66f6c061e6a
      size: 39612
  evaluate:
    cmd: python src/evaluate.py data
    deps:
    - path: data/models
      hash: md5
      md5: 27e4b0795825fa08479c758b6655517d.dir
      size: 39623
      nfiles: 2
    - path: data/prepared
      hash: md5
      md5: dfcaf1fd29c4eaf30d365f69d4d242a0.dir
      size: 347867
      nfiles: 4
    - path: src/evaluate.py
      hash: md5
      md5: 85533baca6be5396f33f2cb9b310a461
      size: 1241
    outs:
    - path: dvclive
      hash: md5
      md5: 5b04c07b853213af2049284351a1eb13.dir
      size: 273
      nfiles: 5
